// !$*UTF8*$!
{
	archiveVersion = 1;
	classes = {
	};
	objectVersion = 45;
	objects = {

/* Begin PBXBuildFile section */
		A50162980FE990120031B661 /* Cocoa.framework in Frameworks */ = {isa = PBXBuildFile; fileRef = 1058C7A1FEA54F0111CA2CBB /* Cocoa.framework */; };
		A523921B1007F11B008E7F89 /* main.m in Sources */ = {isa = PBXBuildFile; fileRef = A523921A1007F11B008E7F89 /* main.m */; };
		A52392391007F26B008E7F89 /* EchoNest.m in Sources */ = {isa = PBXBuildFile; fileRef = A5862E5D0FE981EC00BF413C /* EchoNest.m */; };
		A523923A1007F26B008E7F89 /* ENArtist.m in Sources */ = {isa = PBXBuildFile; fileRef = A5862E5F0FE981EC00BF413C /* ENArtist.m */; };
		A523923B1007F26B008E7F89 /* ENTrack.m in Sources */ = {isa = PBXBuildFile; fileRef = A5862E630FE981EC00BF413C /* ENTrack.m */; };
		A52392671007F330008E7F89 /* iPhoneViewController.xib in Resources */ = {isa = PBXBuildFile; fileRef = A52392651007F330008E7F89 /* iPhoneViewController.xib */; };
		A52392681007F330008E7F89 /* MainWindow.xib in Resources */ = {isa = PBXBuildFile; fileRef = A52392661007F330008E7F89 /* MainWindow.xib */; };
		A523926F1007F343008E7F89 /* iPhoneAppDelegate.m in Sources */ = {isa = PBXBuildFile; fileRef = A523926C1007F343008E7F89 /* iPhoneAppDelegate.m */; };
		A52392701007F343008E7F89 /* iPhoneViewController.m in Sources */ = {isa = PBXBuildFile; fileRef = A523926E1007F343008E7F89 /* iPhoneViewController.m */; };
		A523927D1007F38F008E7F89 /* CoreGraphics.framework in Frameworks */ = {isa = PBXBuildFile; fileRef = A523927C1007F38F008E7F89 /* CoreGraphics.framework */; };
		A523927F1007F38F008E7F89 /* Foundation.framework in Frameworks */ = {isa = PBXBuildFile; fileRef = A523927E1007F38F008E7F89 /* Foundation.framework */; };
		A52392811007F38F008E7F89 /* UIKit.framework in Frameworks */ = {isa = PBXBuildFile; fileRef = A52392801007F38F008E7F89 /* UIKit.framework */; };
		A525F4270FFA0C760083AFA6 /* EchoNest.xib in Resources */ = {isa = PBXBuildFile; fileRef = A525F4250FFA0C760083AFA6 /* EchoNest.xib */; };
		A525F43C0FFA0D010083AFA6 /* EchoNestTestClass.m in Sources */ = {isa = PBXBuildFile; fileRef = A525F4390FFA0D010083AFA6 /* EchoNestTestClass.m */; };
		A525F43D0FFA0D010083AFA6 /* MyView.m in Sources */ = {isa = PBXBuildFile; fileRef = A525F43B0FFA0D010083AFA6 /* MyView.m */; };
		A525F4560FFA0DFC0083AFA6 /* main.m in Sources */ = {isa = PBXBuildFile; fileRef = A525F4550FFA0DFC0083AFA6 /* main.m */; };
		A59CEAB80FEEA82E008C17D2 /* QTKit.framework in Frameworks */ = {isa = PBXBuildFile; fileRef = A59CEAB70FEEA82E008C17D2 /* QTKit.framework */; };
		A5A2D2681007F44000D5C57D /* EchoNest.m in Sources */ = {isa = PBXBuildFile; fileRef = A5862E5D0FE981EC00BF413C /* EchoNest.m */; };
		A5A2D2691007F44000D5C57D /* ENArtist.m in Sources */ = {isa = PBXBuildFile; fileRef = A5862E5F0FE981EC00BF413C /* ENArtist.m */; };
		A5A2D26A1007F44000D5C57D /* ENTrack.m in Sources */ = {isa = PBXBuildFile; fileRef = A5862E630FE981EC00BF413C /* ENTrack.m */; };
		A5A2D3321007FC4F00D5C57D /* MyUIView.m in Sources */ = {isa = PBXBuildFile; fileRef = A5A2D3311007FC4F00D5C57D /* MyUIView.m */; };
/* End PBXBuildFile section */

/* Begin PBXCopyFilesBuildPhase section */
		A50162A10FE990160031B661 /* CopyFiles */ = {
			isa = PBXCopyFilesBuildPhase;
			buildActionMask = 2147483647;
			dstPath = "";
			dstSubfolderSpec = 10;
			files = (
			);
			runOnlyForDeploymentPostprocessing = 0;
		};
/* End PBXCopyFilesBuildPhase section */

/* Begin PBXFileReference section */
		1058C7A1FEA54F0111CA2CBB /* Cocoa.framework */ = {isa = PBXFileReference; lastKnownFileType = wrapper.framework; name = Cocoa.framework; path = /System/Library/Frameworks/Cocoa.framework; sourceTree = "<absolute>"; };
		13E42FB307B3F0F600E4EEF1 /* CoreData.framework */ = {isa = PBXFileReference; lastKnownFileType = wrapper.framework; name = CoreData.framework; path = /System/Library/Frameworks/CoreData.framework; sourceTree = "<absolute>"; };
		29B97324FDCFA39411CA2CEA /* AppKit.framework */ = {isa = PBXFileReference; lastKnownFileType = wrapper.framework; name = AppKit.framework; path = /System/Library/Frameworks/AppKit.framework; sourceTree = "<absolute>"; };
		29B97325FDCFA39411CA2CEA /* Foundation.framework */ = {isa = PBXFileReference; lastKnownFileType = wrapper.framework; name = Foundation.framework; path = /System/Library/Frameworks/Foundation.framework; sourceTree = "<absolute>"; };
		A52392051007F05C008E7F89 /* iPhoneTestApp.app */ = {isa = PBXFileReference; explicitFileType = wrapper.application; includeInIndex = 0; path = iPhoneTestApp.app; sourceTree = BUILT_PRODUCTS_DIR; };
		A523921A1007F11B008E7F89 /* main.m */ = {isa = PBXFileReference; fileEncoding = 4; lastKnownFileType = sourcecode.c.objc; path = main.m; sourceTree = "<group>"; };
		A52392211007F159008E7F89 /* iPhone_prefix.pch */ = {isa = PBXFileReference; fileEncoding = 4; lastKnownFileType = sourcecode.c.h; path = iPhone_prefix.pch; sourceTree = "<group>"; };
		A52392651007F330008E7F89 /* iPhoneViewController.xib */ = {isa = PBXFileReference; lastKnownFileType = file.xib; path = iPhoneViewController.xib; sourceTree = "<group>"; };
		A52392661007F330008E7F89 /* MainWindow.xib */ = {isa = PBXFileReference; lastKnownFileType = file.xib; path = MainWindow.xib; sourceTree = "<group>"; };
		A523926B1007F343008E7F89 /* iPhoneAppDelegate.h */ = {isa = PBXFileReference; fileEncoding = 4; lastKnownFileType = sourcecode.c.h; path = iPhoneAppDelegate.h; sourceTree = "<group>"; };
		A523926C1007F343008E7F89 /* iPhoneAppDelegate.m */ = {isa = PBXFileReference; fileEncoding = 4; lastKnownFileType = sourcecode.c.objc; path = iPhoneAppDelegate.m; sourceTree = "<group>"; };
		A523926D1007F343008E7F89 /* iPhoneViewController.h */ = {isa = PBXFileReference; fileEncoding = 4; lastKnownFileType = sourcecode.c.h; path = iPhoneViewController.h; sourceTree = "<group>"; };
		A523926E1007F343008E7F89 /* iPhoneViewController.m */ = {isa = PBXFileReference; fileEncoding = 4; lastKnownFileType = sourcecode.c.objc; path = iPhoneViewController.m; sourceTree = "<group>"; };
		A523927C1007F38F008E7F89 /* CoreGraphics.framework */ = {isa = PBXFileReference; lastKnownFileType = wrapper.framework; name = CoreGraphics.framework; path = System/Library/Frameworks/CoreGraphics.framework; sourceTree = SDKROOT; };
		A523927E1007F38F008E7F89 /* Foundation.framework */ = {isa = PBXFileReference; lastKnownFileType = wrapper.framework; name = Foundation.framework; path = System/Library/Frameworks/Foundation.framework; sourceTree = SDKROOT; };
		A52392801007F38F008E7F89 /* UIKit.framework */ = {isa = PBXFileReference; lastKnownFileType = wrapper.framework; name = UIKit.framework; path = System/Library/Frameworks/UIKit.framework; sourceTree = SDKROOT; };
		A525F4250FFA0C760083AFA6 /* EchoNest.xib */ = {isa = PBXFileReference; lastKnownFileType = file.xib; name = EchoNest.xib; path = Resources/EchoNest.xib; sourceTree = "<group>"; };
		A525F4260FFA0C760083AFA6 /* EchoNestApp-Info.plist */ = {isa = PBXFileReference; fileEncoding = 4; lastKnownFileType = sourcecode.mxml; name = "EchoNestApp-Info.plist"; path = "Resources/EchoNestApp-Info.plist"; sourceTree = "<group>"; };
		A525F4370FFA0D010083AFA6 /* EchoNest_prefix.h */ = {isa = PBXFileReference; fileEncoding = 4; lastKnownFileType = sourcecode.c.h; path = EchoNest_prefix.h; sourceTree = "<group>"; };
		A525F4380FFA0D010083AFA6 /* EchoNestTestClass.h */ = {isa = PBXFileReference; fileEncoding = 4; lastKnownFileType = sourcecode.c.h; path = EchoNestTestClass.h; sourceTree = "<group>"; };
		A525F4390FFA0D010083AFA6 /* EchoNestTestClass.m */ = {isa = PBXFileReference; fileEncoding = 4; lastKnownFileType = sourcecode.c.objc; path = EchoNestTestClass.m; sourceTree = "<group>"; };
		A525F43A0FFA0D010083AFA6 /* MyView.h */ = {isa = PBXFileReference; fileEncoding = 4; lastKnownFileType = sourcecode.c.h; path = MyView.h; sourceTree = "<group>"; };
		A525F43B0FFA0D010083AFA6 /* MyView.m */ = {isa = PBXFileReference; fileEncoding = 4; lastKnownFileType = sourcecode.c.objc; path = MyView.m; sourceTree = "<group>"; };
		A525F4550FFA0DFC0083AFA6 /* main.m */ = {isa = PBXFileReference; fileEncoding = 4; lastKnownFileType = sourcecode.c.objc; path = main.m; sourceTree = "<group>"; };
		A525F4570FFA0E140083AFA6 /* EchoNest-Info.plist */ = {isa = PBXFileReference; fileEncoding = 4; lastKnownFileType = sourcecode.mxml; name = "EchoNest-Info.plist"; path = "Resources/EchoNest-Info.plist"; sourceTree = "<group>"; };
		A5862E5C0FE981EC00BF413C /* EchoNest.h */ = {isa = PBXFileReference; fileEncoding = 4; lastKnownFileType = sourcecode.c.h; path = EchoNest.h; sourceTree = "<group>"; };
		A5862E5D0FE981EC00BF413C /* EchoNest.m */ = {isa = PBXFileReference; fileEncoding = 4; lastKnownFileType = sourcecode.c.objc; path = EchoNest.m; sourceTree = "<group>"; };
		A5862E5E0FE981EC00BF413C /* ENArtist.h */ = {isa = PBXFileReference; fileEncoding = 4; lastKnownFileType = sourcecode.c.h; path = ENArtist.h; sourceTree = "<group>"; };
		A5862E5F0FE981EC00BF413C /* ENArtist.m */ = {isa = PBXFileReference; fileEncoding = 4; lastKnownFileType = sourcecode.c.objc; path = ENArtist.m; sourceTree = "<group>"; };
		A5862E620FE981EC00BF413C /* ENTrack.h */ = {isa = PBXFileReference; fileEncoding = 4; lastKnownFileType = sourcecode.c.h; path = ENTrack.h; sourceTree = "<group>"; };
		A5862E630FE981EC00BF413C /* ENTrack.m */ = {isa = PBXFileReference; fileEncoding = 4; lastKnownFileType = sourcecode.c.objc; path = ENTrack.m; sourceTree = "<group>"; };
		A595106C0FE9848C00692D58 /* EchoNestApp.app */ = {isa = PBXFileReference; explicitFileType = wrapper.application; includeInIndex = 0; path = EchoNestApp.app; sourceTree = BUILT_PRODUCTS_DIR; };
		A59CEAB70FEEA82E008C17D2 /* QTKit.framework */ = {isa = PBXFileReference; lastKnownFileType = wrapper.framework; name = QTKit.framework; path = /System/Library/Frameworks/QTKit.framework; sourceTree = "<absolute>"; };
		A59FD31F0FE7CF240083CFC4 /* QuartzCore.framework */ = {isa = PBXFileReference; lastKnownFileType = wrapper.framework; name = QuartzCore.framework; path = /System/Library/Frameworks/QuartzCore.framework; sourceTree = "<absolute>"; };
		A5A2D1CB1007F3EF00D5C57D /* iPhoneTestApp-Info.plist */ = {isa = PBXFileReference; fileEncoding = 4; lastKnownFileType = sourcecode.mxml; path = "iPhoneTestApp-Info.plist"; sourceTree = "<group>"; };
		A5A2D3301007FC4F00D5C57D /* MyUIView.h */ = {isa = PBXFileReference; fileEncoding = 4; lastKnownFileType = sourcecode.c.h; path = MyUIView.h; sourceTree = "<group>"; };
		A5A2D3311007FC4F00D5C57D /* MyUIView.m */ = {isa = PBXFileReference; fileEncoding = 4; lastKnownFileType = sourcecode.c.objc; path = MyUIView.m; sourceTree = "<group>"; };
		A5A7AF8D1007A14A00701AA9 /* CommonDigest.h */ = {isa = PBXFileReference; fileEncoding = 4; lastKnownFileType = sourcecode.c.h; name = CommonDigest.h; path = /Developer/SDKs/MacOSX10.5.sdk/usr/include/CommonCrypto/CommonDigest.h; sourceTree = "<absolute>"; };
/* End PBXFileReference section */

/* Begin PBXFrameworksBuildPhase section */
		A52392031007F05C008E7F89 /* Frameworks */ = {
			isa = PBXFrameworksBuildPhase;
			buildActionMask = 2147483647;
			files = (
				A523927D1007F38F008E7F89 /* CoreGraphics.framework in Frameworks */,
				A523927F1007F38F008E7F89 /* Foundation.framework in Frameworks */,
				A52392811007F38F008E7F89 /* UIKit.framework in Frameworks */,
			);
			runOnlyForDeploymentPostprocessing = 0;
		};
		A595106A0FE9848C00692D58 /* Frameworks */ = {
			isa = PBXFrameworksBuildPhase;
			buildActionMask = 2147483647;
			files = (
				A50162980FE990120031B661 /* Cocoa.framework in Frameworks */,
				A59CEAB80FEEA82E008C17D2 /* QTKit.framework in Frameworks */,
			);
			runOnlyForDeploymentPostprocessing = 0;
		};
/* End PBXFrameworksBuildPhase section */

/* Begin PBXGroup section */
		080E96DDFE201D6D7F000001 /* classes */ = {
			isa = PBXGroup;
			children = (
				A5A7B3DE1007EE6C00701AA9 /* iPhone */,
				A525F4550FFA0DFC0083AFA6 /* main.m */,
				A525F4370FFA0D010083AFA6 /* EchoNest_prefix.h */,
				A525F4380FFA0D010083AFA6 /* EchoNestTestClass.h */,
				A525F4390FFA0D010083AFA6 /* EchoNestTestClass.m */,
				A525F43A0FFA0D010083AFA6 /* MyView.h */,
				A525F43B0FFA0D010083AFA6 /* MyView.m */,
			);
			path = classes;
			sourceTree = "<group>";
		};
		1058C7A0FEA54F0111CA2CBB /* Linked Frameworks */ = {
			isa = PBXGroup;
			children = (
				A59CEAB70FEEA82E008C17D2 /* QTKit.framework */,
				A59FD31F0FE7CF240083CFC4 /* QuartzCore.framework */,
				1058C7A1FEA54F0111CA2CBB /* Cocoa.framework */,
			);
			name = "Linked Frameworks";
			sourceTree = "<group>";
		};
		1058C7A2FEA54F0111CA2CBB /* Other Frameworks */ = {
			isa = PBXGroup;
			children = (
				29B97324FDCFA39411CA2CEA /* AppKit.framework */,
				13E42FB307B3F0F600E4EEF1 /* CoreData.framework */,
				29B97325FDCFA39411CA2CEA /* Foundation.framework */,
			);
			name = "Other Frameworks";
			sourceTree = "<group>";
		};
		19C28FACFE9D520D11CA2CBB /* Products */ = {
			isa = PBXGroup;
			children = (
				A595106C0FE9848C00692D58 /* EchoNestApp.app */,
				A52392051007F05C008E7F89 /* iPhoneTestApp.app */,
			);
			name = Products;
			sourceTree = "<group>";
		};
		29B97314FDCFA39411CA2CEA /* soundscapes 3D */ = {
			isa = PBXGroup;
			children = (
				A5862E5B0FE981EC00BF413C /* EchoNest */,
				080E96DDFE201D6D7F000001 /* classes */,
				29B97317FDCFA39411CA2CEA /* Resources */,
				29B97323FDCFA39411CA2CEA /* Frameworks */,
				19C28FACFE9D520D11CA2CBB /* Products */,
			);
			name = "soundscapes 3D";
			sourceTree = "<group>";
		};
		29B97317FDCFA39411CA2CEA /* Resources */ = {
			isa = PBXGroup;
			children = (
				A5A7B3F11007EECC00701AA9 /* iPhone */,
				A525F4570FFA0E140083AFA6 /* EchoNest-Info.plist */,
				A525F4250FFA0C760083AFA6 /* EchoNest.xib */,
				A525F4260FFA0C760083AFA6 /* EchoNestApp-Info.plist */,
			);
			name = Resources;
			sourceTree = "<group>";
		};
		29B97323FDCFA39411CA2CEA /* Frameworks */ = {
			isa = PBXGroup;
			children = (
				A5A2D2661007F41900D5C57D /* iPhone Frameworks */,
				1058C7A0FEA54F0111CA2CBB /* Linked Frameworks */,
				1058C7A2FEA54F0111CA2CBB /* Other Frameworks */,
			);
			name = Frameworks;
			sourceTree = "<group>";
		};
		A5862E5B0FE981EC00BF413C /* EchoNest */ = {
			isa = PBXGroup;
			children = (
				A5A7AF8D1007A14A00701AA9 /* CommonDigest.h */,
				A5862E5C0FE981EC00BF413C /* EchoNest.h */,
				A5862E5D0FE981EC00BF413C /* EchoNest.m */,
				A5862E5E0FE981EC00BF413C /* ENArtist.h */,
				A5862E5F0FE981EC00BF413C /* ENArtist.m */,
				A5862E620FE981EC00BF413C /* ENTrack.h */,
				A5862E630FE981EC00BF413C /* ENTrack.m */,
			);
			name = EchoNest;
			path = classes/EchoNest;
			sourceTree = "<group>";
		};
		A5A2D2661007F41900D5C57D /* iPhone Frameworks */ = {
			isa = PBXGroup;
			children = (
				A523927C1007F38F008E7F89 /* CoreGraphics.framework */,
				A523927E1007F38F008E7F89 /* Foundation.framework */,
				A52392801007F38F008E7F89 /* UIKit.framework */,
			);
			name = "iPhone Frameworks";
			sourceTree = "<group>";
		};
		A5A7B3DE1007EE6C00701AA9 /* iPhone */ = {
			isa = PBXGroup;
			children = (
				A5A2D3301007FC4F00D5C57D /* MyUIView.h */,
				A5A2D3311007FC4F00D5C57D /* MyUIView.m */,
				A523926B1007F343008E7F89 /* iPhoneAppDelegate.h */,
				A523926C1007F343008E7F89 /* iPhoneAppDelegate.m */,
				A523926D1007F343008E7F89 /* iPhoneViewController.h */,
				A523926E1007F343008E7F89 /* iPhoneViewController.m */,
				A523921A1007F11B008E7F89 /* main.m */,
				A52392211007F159008E7F89 /* iPhone_prefix.pch */,
			);
			name = iPhone;
			path = ../iPhone/classes;
			sourceTree = "<group>";
		};
		A5A7B3F11007EECC00701AA9 /* iPhone */ = {
			isa = PBXGroup;
			children = (
				A5A2D1CB1007F3EF00D5C57D /* iPhoneTestApp-Info.plist */,
				A52392651007F330008E7F89 /* iPhoneViewController.xib */,
				A52392661007F330008E7F89 /* MainWindow.xib */,
			);
			name = iPhone;
			path = iPhone/Resources;
			sourceTree = "<group>";
		};
/* End PBXGroup section */

/* Begin PBXNativeTarget section */
		A52392041007F05C008E7F89 /* iPhoneTestApp */ = {
			isa = PBXNativeTarget;
			buildConfigurationList = A523920B1007F05D008E7F89 /* Build configuration list for PBXNativeTarget "iPhoneTestApp" */;
			buildPhases = (
				A52392011007F05C008E7F89 /* Resources */,
				A52392021007F05C008E7F89 /* Sources */,
				A52392031007F05C008E7F89 /* Frameworks */,
			);
			buildRules = (
			);
			dependencies = (
			);
			name = iPhoneTestApp;
			productName = iPhoneTestApp;
			productReference = A52392051007F05C008E7F89 /* iPhoneTestApp.app */;
			productType = "com.apple.product-type.application";
		};
		A595106B0FE9848C00692D58 /* EchoNestApp */ = {
			isa = PBXNativeTarget;
			buildConfigurationList = A59510710FE9848E00692D58 /* Build configuration list for PBXNativeTarget "EchoNestApp" */;
			buildPhases = (
				A59510680FE9848C00692D58 /* Resources */,
				A59510690FE9848C00692D58 /* Sources */,
				A595106A0FE9848C00692D58 /* Frameworks */,
				A50162A10FE990160031B661 /* CopyFiles */,
			);
			buildRules = (
			);
			dependencies = (
			);
			name = EchoNestApp;
			productName = EchoNestApp;
			productReference = A595106C0FE9848C00692D58 /* EchoNestApp.app */;
			productType = "com.apple.product-type.application";
		};
/* End PBXNativeTarget section */

/* Begin PBXProject section */
		29B97313FDCFA39411CA2CEA /* Project object */ = {
			isa = PBXProject;
			buildConfigurationList = C01FCF4E08A954540054247B /* Build configuration list for PBXProject "EchoNest Framework" */;
			compatibilityVersion = "Xcode 3.1";
			hasScannedForEncodings = 1;
			mainGroup = 29B97314FDCFA39411CA2CEA /* soundscapes 3D */;
			projectDirPath = "";
			projectRoot = "";
			targets = (
				A595106B0FE9848C00692D58 /* EchoNestApp */,
				A52392041007F05C008E7F89 /* iPhoneTestApp */,
			);
		};
/* End PBXProject section */

/* Begin PBXResourcesBuildPhase section */
		A52392011007F05C008E7F89 /* Resources */ = {
			isa = PBXResourcesBuildPhase;
			buildActionMask = 2147483647;
			files = (
				A52392671007F330008E7F89 /* iPhoneViewController.xib in Resources */,
				A52392681007F330008E7F89 /* MainWindow.xib in Resources */,
			);
			runOnlyForDeploymentPostprocessing = 0;
		};
		A59510680FE9848C00692D58 /* Resources */ = {
			isa = PBXResourcesBuildPhase;
			buildActionMask = 2147483647;
			files = (
				A525F4270FFA0C760083AFA6 /* EchoNest.xib in Resources */,
			);
			runOnlyForDeploymentPostprocessing = 0;
		};
/* End PBXResourcesBuildPhase section */

/* Begin PBXSourcesBuildPhase section */
		A52392021007F05C008E7F89 /* Sources */ = {
			isa = PBXSourcesBuildPhase;
			buildActionMask = 2147483647;
			files = (
				A52392391007F26B008E7F89 /* EchoNest.m in Sources */,
				A523923A1007F26B008E7F89 /* ENArtist.m in Sources */,
				A523923B1007F26B008E7F89 /* ENTrack.m in Sources */,
				A523921B1007F11B008E7F89 /* main.m in Sources */,
				A523926F1007F343008E7F89 /* iPhoneAppDelegate.m in Sources */,
				A52392701007F343008E7F89 /* iPhoneViewController.m in Sources */,
				A5A2D3321007FC4F00D5C57D /* MyUIView.m in Sources */,
			);
			runOnlyForDeploymentPostprocessing = 0;
		};
		A59510690FE9848C00692D58 /* Sources */ = {
			isa = PBXSourcesBuildPhase;
			buildActionMask = 2147483647;
			files = (
				A5A2D2681007F44000D5C57D /* EchoNest.m in Sources */,
				A5A2D2691007F44000D5C57D /* ENArtist.m in Sources */,
				A5A2D26A1007F44000D5C57D /* ENTrack.m in Sources */,
				A525F43C0FFA0D010083AFA6 /* EchoNestTestClass.m in Sources */,
				A525F43D0FFA0D010083AFA6 /* MyView.m in Sources */,
				A525F4560FFA0DFC0083AFA6 /* main.m in Sources */,
			);
			runOnlyForDeploymentPostprocessing = 0;
		};
/* End PBXSourcesBuildPhase section */

/* Begin XCBuildConfiguration section */
		A52392091007F05C008E7F89 /* Debug */ = {
			isa = XCBuildConfiguration;
			buildSettings = {
				ALWAYS_SEARCH_USER_PATHS = NO;
				CODE_SIGN_IDENTITY = "iPhone Developer";
				COPY_PHASE_STRIP = NO;
				GCC_DYNAMIC_NO_PIC = NO;
				GCC_OPTIMIZATION_LEVEL = 0;
				GCC_PRECOMPILE_PREFIX_HEADER = YES;
				GCC_PREFIX_HEADER = iPhone/classes/iPhone_prefix.pch;
				INFOPLIST_FILE = "iPhone/Resources/iPhoneTestApp-Info.plist";
				INSTALL_PATH = "$(HOME)/Applications";
				IPHONEOS_DEPLOYMENT_TARGET = 2.2.1;
				OTHER_LDFLAGS = (
					"-framework",
					Foundation,
					"-framework",
					UIKit,
				);
				PREBINDING = NO;
				PRODUCT_NAME = iPhoneTestApp;
				SDKROOT = iphoneos3.0;
			};
			name = Debug;
		};
		A523920A1007F05C008E7F89 /* Release */ = {
			isa = XCBuildConfiguration;
			buildSettings = {
				ALWAYS_SEARCH_USER_PATHS = NO;
				CODE_SIGN_IDENTITY = "iPhone Developer";
				COPY_PHASE_STRIP = YES;
				DEBUG_INFORMATION_FORMAT = "dwarf-with-dsym";
				GCC_ENABLE_FIX_AND_CONTINUE = NO;
				GCC_PRECOMPILE_PREFIX_HEADER = YES;
				GCC_PREFIX_HEADER = iPhone/classes/iPhone_prefix.pch;
				INFOPLIST_FILE = "iPhone/Resources/iPhoneTestApp-Info.plist";
				INSTALL_PATH = "$(HOME)/Applications";
				IPHONEOS_DEPLOYMENT_TARGET = 2.2.1;
				OTHER_LDFLAGS = (
					"-framework",
					Foundation,
					"-framework",
					UIKit,
				);
				PREBINDING = NO;
				PRODUCT_NAME = iPhoneTestApp;
				SDKROOT = iphoneos3.0;
				ZERO_LINK = NO;
			};
			name = Release;
		};
		A595106F0FE9848D00692D58 /* Debug */ = {
			isa = XCBuildConfiguration;
			buildSettings = {
				ALWAYS_SEARCH_USER_PATHS = NO;
				COPY_PHASE_STRIP = NO;
				GCC_DYNAMIC_NO_PIC = NO;
				GCC_ENABLE_FIX_AND_CONTINUE = YES;
				GCC_MODEL_TUNING = G5;
				GCC_OPTIMIZATION_LEVEL = 0;
				GCC_PRECOMPILE_PREFIX_HEADER = YES;
				GCC_PREFIX_HEADER = classes/EchoNest_prefix.h;
				INFOPLIST_FILE = "Resources/EchoNestApp-Info.plist";
				INSTALL_PATH = "$(HOME)/Applications";
				OTHER_LDFLAGS = "-ObjC";
				PREBINDING = NO;
				PRODUCT_NAME = EchoNestApp;
			};
			name = Debug;
		};
		A59510700FE9848D00692D58 /* Release */ = {
			isa = XCBuildConfiguration;
			buildSettings = {
				ALWAYS_SEARCH_USER_PATHS = NO;
				COPY_PHASE_STRIP = YES;
				DEBUG_INFORMATION_FORMAT = "dwarf-with-dsym";
				GCC_ENABLE_FIX_AND_CONTINUE = NO;
				GCC_MODEL_TUNING = G5;
				GCC_PRECOMPILE_PREFIX_HEADER = YES;
				GCC_PREFIX_HEADER = classes/EchoNest_prefix.h;
				INFOPLIST_FILE = "EchoNestApp-Info.plist";
				INSTALL_PATH = "$(HOME)/Applications";
				OTHER_LDFLAGS = "-ObjC";
				PREBINDING = NO;
				PRODUCT_NAME = EchoNestApp;
				ZERO_LINK = NO;
			};
			name = Release;
		};
		C01FCF4F08A954540054247B /* Debug */ = {
			isa = XCBuildConfiguration;
			buildSettings = {
				ARCHS = "$(ARCHS_STANDARD_32_BIT)";
				GCC_C_LANGUAGE_STANDARD = c99;
				GCC_OPTIMIZATION_LEVEL = 0;
				GCC_WARN_ABOUT_RETURN_TYPE = YES;
				GCC_WARN_UNUSED_VARIABLE = YES;
				ONLY_ACTIVE_ARCH = YES;
				PREBINDING = NO;
				SDKROOT = macosx10.5;
			};
			name = Debug;
		};
		C01FCF5008A954540054247B /* Release */ = {
			isa = XCBuildConfiguration;
			buildSettings = {
				ARCHS = "$(ARCHS_STANDARD_32_BIT)";
				GCC_C_LANGUAGE_STANDARD = c99;
				GCC_WARN_ABOUT_RETURN_TYPE = YES;
				GCC_WARN_UNUSED_VARIABLE = YES;
				PREBINDING = NO;
				SDKROOT = macosx10.5;
			};
			name = Release;
		};
/* End XCBuildConfiguration section */

/* Begin XCConfigurationList section */
		A523920B1007F05D008E7F89 /* Build configuration list for PBXNativeTarget "iPhoneTestApp" */ = {
			isa = XCConfigurationList;
			buildConfigurations = (
				A52392091007F05C008E7F89 /* Debug */,
				A523920A1007F05C008E7F89 /* Release */,
			);
			defaultConfigurationIsVisible = 0;
			defaultConfigurationName = Release;
		};
		A59510710FE9848E00692D58 /* Build configuration list for PBXNativeTarget "EchoNestApp" */ = {
			isa = XCConfigurationList;
			buildConfigurations = (
				A595106F0FE9848D00692D58 /* Debug */,
				A59510700FE9848D00692D58 /* Release */,
			);
			defaultConfigurationIsVisible = 0;
			defaultConfigurationName = Release;
		};
		C01FCF4E08A954540054247B /* Build configuration list for PBXProject "EchoNest Framework" */ = {
			isa = XCConfigurationList;
			buildConfigurations = (
				C01FCF4F08A954540054247B /* Debug */,
				C01FCF5008A954540054247B /* Release */,
			);
			defaultConfigurationIsVisible = 0;
			defaultConfigurationName = Release;
		};
/* End XCConfigurationList section */
	};
	rootObject = 29B97313FDCFA39411CA2CEA /* Project object */;
}
